
Microsoft Visual Studio Solution File, Format Version 12.00
# Visual Studio Version 17
VisualStudioVersion = 17.6.33829.357
MinimumVisualStudioVersion = 10.0.40219.1
Project("{FAE04EC0-301F-11D3-BF4B-00C04F79EFBC}") = "ImpresoraServidor", "ImpresoraServidor\ImpresoraServidor.csproj", "{95713CF0-033E-449C-914C-648681BEC472}"
EndProject
Global
	GlobalSection(SolutionConfigurationPlatforms) = preSolution
		Debug|Any CPU = Debug|Any CPU
		Release|Any CPU = Release|Any CPU
	EndGlobalSection
	GlobalSection(ProjectConfigurationPlatforms) = postSolution
		{95713CF0-033E-449C-914C-648681BEC472}.Debug|Any CPU.ActiveCfg = Debug|Any CPU
		{95713CF0-033E-449C-914C-648681BEC472}.Debug|Any CPU.Build.0 = Debug|Any CPU
		{95713CF0-033E-449C-914C-648681BEC472}.Release|Any CPU.ActiveCfg = Release|Any CPU
		{95713CF0-033E-449C-914C-648681BEC472}.Release|Any CPU.Build.0 = Release|Any CPU
	EndGlobalSection
	GlobalSection(SolutionProperties) = preSolution
		HideSolutionNode = FALSE
	EndGlobalSection
	GlobalSection(ExtensibilityGlobals) = postSolution
		SolutionGuid = {0E19075F-E670-4EC7-9A3A-35A609D49628}
	EndGlobalSection
EndGlobal
